<Solution>
  <Project Path="MicroserviceDemo.CartWebAPI/MicroserviceDemo.CartWebAPI.csproj" Id="e5f51084-2976-439a-ad2b-ff699be91765" />
  <Project Path="MicroserviceDemo.Gateway/MicroserviceDemo.Gateway.csproj" Id="5add678d-c940-449f-915e-a8b9f3f98a45" />
  <Project Path="MicroserviceDemo.ProductWebAPI/MicroserviceDemo.ProductWebAPI.csproj" />
</Solution>
